Microsoft Visual Studio Solution File, Format Version 11.00
# Visual Studio 2008

Project("{53F8AE15-9DAD-9801-92AA-9E1B374D4680}") = "ViRush", "Assembly-CSharp.csproj", "{C997311C-5D48-C74E-6418-428D59554D38}"
EndProject
Project("{53F8AE15-9DAD-9801-92AA-9E1B374D4680}") = "ViRush", "Assembly-CSharp-Editor.csproj", "{FBCD1C94-4BD7-F9B4-4A3C-4155FD60461C}"
EndProject
Global
	GlobalSection(SolutionConfigurationPlatforms) = preSolution
		Debug|Any CPU = Debug|Any CPU
		Release|Any CPU = Release|Any CPU
	EndGlobalSection
	GlobalSection(ProjectConfigurationPlatforms) = postSolution
		{C997311C-5D48-C74E-6418-428D59554D38}.Debug|Any CPU.ActiveCfg = Debug|Any CPU
		{C997311C-5D48-C74E-6418-428D59554D38}.Debug|Any CPU.Build.0 = Debug|Any CPU
		{C997311C-5D48-C74E-6418-428D59554D38}.Release|Any CPU.ActiveCfg = Release|Any CPU
		{C997311C-5D48-C74E-6418-428D59554D38}.Release|Any CPU.Build.0 = Release|Any CPU
		{FBCD1C94-4BD7-F9B4-4A3C-4155FD60461C}.Debug|Any CPU.ActiveCfg = Debug|Any CPU
		{FBCD1C94-4BD7-F9B4-4A3C-4155FD60461C}.Debug|Any CPU.Build.0 = Debug|Any CPU
		{FBCD1C94-4BD7-F9B4-4A3C-4155FD60461C}.Release|Any CPU.ActiveCfg = Release|Any CPU
		{FBCD1C94-4BD7-F9B4-4A3C-4155FD60461C}.Release|Any CPU.Build.0 = Release|Any CPU
	EndGlobalSection
	GlobalSection(SolutionProperties) = preSolution
		HideSolutionNode = FALSE
	EndGlobalSection
	GlobalSection(MonoDevelopProperties) = preSolution
		StartupItem = Assembly-CSharp.csproj
	EndGlobalSection
EndGlobal
